
Microsoft Visual Studio Solution File, Format Version 12.00
# Visual Studio Version 17
VisualStudioVersion = 17.5.002.0
MinimumVisualStudioVersion = 10.0.40219.1
Project("{9A19103F-16F7-4668-BE54-9A1E7A4F7556}") = "aprendiendo.objetos.chino", "aprendiendo.objetos.chino.csproj", "{97374A1D-7835-4D4B-AD01-FB300AA76F27}"
EndProject
Global
	GlobalSection(SolutionConfigurationPlatforms) = preSolution
		Debug|Any CPU = Debug|Any CPU
		Release|Any CPU = Release|Any CPU
	EndGlobalSection
	GlobalSection(ProjectConfigurationPlatforms) = postSolution
		{97374A1D-7835-4D4B-AD01-FB300AA76F27}.Debug|Any CPU.ActiveCfg = Debug|Any CPU
		{97374A1D-7835-4D4B-AD01-FB300AA76F27}.Debug|Any CPU.Build.0 = Debug|Any CPU
		{97374A1D-7835-4D4B-AD01-FB300AA76F27}.Release|Any CPU.ActiveCfg = Release|Any CPU
		{97374A1D-7835-4D4B-AD01-FB300AA76F27}.Release|Any CPU.Build.0 = Release|Any CPU
	EndGlobalSection
	GlobalSection(SolutionProperties) = preSolution
		HideSolutionNode = FALSE
	EndGlobalSection
	GlobalSection(ExtensibilityGlobals) = postSolution
		SolutionGuid = {602BE9C7-D4F4-43E5-A249-594667CCFB1A}
	EndGlobalSection
EndGlobal
